// !$*UTF8*$!
{
	archiveVersion = 1;
	classes = {
	};
	objectVersion = 46;
	objects = {

/* Begin PBXBuildFile section */
		4B3312C31CE136E800778169 /* AppDelegate.swift in Sources */ = {isa = PBXBuildFile; fileRef = 4B3312C21CE136E800778169 /* AppDelegate.swift */; };
		4B3312C51CE136E800778169 /* ViewController.swift in Sources */ = {isa = PBXBuildFile; fileRef = 4B3312C41CE136E800778169 /* ViewController.swift */; };
		4B3312C81CE136E800778169 /* Main.storyboard in Resources */ = {isa = PBXBuildFile; fileRef = 4B3312C61CE136E800778169 /* Main.storyboard */; };
		4B3312CA1CE136E800778169 /* Assets.xcassets in Resources */ = {isa = PBXBuildFile; fileRef = 4B3312C91CE136E800778169 /* Assets.xcassets */; };
		4B3312CD1CE136E800778169 /* LaunchScreen.storyboard in Resources */ = {isa = PBXBuildFile; fileRef = 4B3312CB1CE136E800778169 /* LaunchScreen.storyboard */; };
		4B3312D81CE136E800778169 /* ReactiveTests.swift in Sources */ = {isa = PBXBuildFile; fileRef = 4B3312D71CE136E800778169 /* ReactiveTests.swift */; };
		4B3312E31CE136E800778169 /* ReactiveUITests.swift in Sources */ = {isa = PBXBuildFile; fileRef = 4B3312E21CE136E800778169 /* ReactiveUITests.swift */; };
/* End PBXBuildFile section */

/* Begin PBXContainerItemProxy section */
		4B3312D41CE136E800778169 /* PBXContainerItemProxy */ = {
			isa = PBXContainerItemProxy;
			containerPortal = 4B3312B71CE136E800778169 /* Project object */;
			proxyType = 1;
			remoteGlobalIDString = 4B3312BE1CE136E800778169;
			remoteInfo = Reactive;
		};
		4B3312DF1CE136E800778169 /* PBXContainerItemProxy */ = {
			isa = PBXContainerItemProxy;
			containerPortal = 4B3312B71CE136E800778169 /* Project object */;
			proxyType = 1;
			remoteGlobalIDString = 4B3312BE1CE136E800778169;
			remoteInfo = Reactive;
		};
/* End PBXContainerItemProxy section */

/* Begin PBXFileReference section */
		4B3312BF1CE136E800778169 /* Reactive.app */ = {isa = PBXFileReference; explicitFileType = wrapper.application; includeInIndex = 0; path = Reactive.app; sourceTree = BUILT_PRODUCTS_DIR; };
		4B3312C21CE136E800778169 /* AppDelegate.swift */ = {isa = PBXFileReference; lastKnownFileType = sourcecode.swift; path = AppDelegate.swift; sourceTree = "<group>"; };
		4B3312C41CE136E800778169 /* ViewController.swift */ = {isa = PBXFileReference; lastKnownFileType = sourcecode.swift; path = ViewController.swift; sourceTree = "<group>"; };
		4B3312C71CE136E800778169 /* Base */ = {isa = PBXFileReference; lastKnownFileType = file.storyboard; name = Base; path = Base.lproj/Main.storyboard; sourceTree = "<group>"; };
		4B3312C91CE136E800778169 /* Assets.xcassets */ = {isa = PBXFileReference; lastKnownFileType = folder.assetcatalog; path = Assets.xcassets; sourceTree = "<group>"; };
		4B3312CC1CE136E800778169 /* Base */ = {isa = PBXFileReference; lastKnownFileType = file.storyboard; name = Base; path = Base.lproj/LaunchScreen.storyboard; sourceTree = "<group>"; };
		4B3312CE1CE136E800778169 /* Info.plist */ = {isa = PBXFileReference; lastKnownFileType = text.plist.xml; path = Info.plist; sourceTree = "<group>"; };
		4B3312D31CE136E800778169 /* ReactiveTests.xctest */ = {isa = PBXFileReference; explicitFileType = wrapper.cfbundle; includeInIndex = 0; path = ReactiveTests.xctest; sourceTree = BUILT_PRODUCTS_DIR; };
		4B3312D71CE136E800778169 /* ReactiveTests.swift */ = {isa = PBXFileReference; lastKnownFileType = sourcecode.swift; path = ReactiveTests.swift; sourceTree = "<group>"; };
		4B3312D91CE136E800778169 /* Info.plist */ = {isa = PBXFileReference; lastKnownFileType = text.plist.xml; path = Info.plist; sourceTree = "<group>"; };
		4B3312DE1CE136E800778169 /* ReactiveUITests.xctest */ = {isa = PBXFileReference; explicitFileType = wrapper.cfbundle; includeInIndex = 0; path = ReactiveUITests.xctest; sourceTree = BUILT_PRODUCTS_DIR; };
		4B3312E21CE136E800778169 /* ReactiveUITests.swift */ = {isa = PBXFileReference; lastKnownFileType = sourcecode.swift; path = ReactiveUITests.swift; sourceTree = "<group>"; };
		4B3312E41CE136E800778169 /* Info.plist */ = {isa = PBXFileReference; lastKnownFileType = text.plist.xml; path = Info.plist; sourceTree = "<group>"; };
/* End PBXFileReference section */

/* Begin PBXFrameworksBuildPhase section */
		4B3312BC1CE136E800778169 /* Frameworks */ = {
			isa = PBXFrameworksBuildPhase;
			buildActionMask = 2147483647;
			files = (
			);
			runOnlyForDeploymentPostprocessing = 0;
		};
		4B3312D01CE136E800778169 /* Frameworks */ = {
			isa = PBXFrameworksBuildPhase;
			buildActionMask = 2147483647;
			files = (
			);
			runOnlyForDeploymentPostprocessing = 0;
		};
		4B3312DB1CE136E800778169 /* Frameworks */ = {
			isa = PBXFrameworksBuildPhase;
			buildActionMask = 2147483647;
			files = (
			);
			runOnlyForDeploymentPostprocessing = 0;
		};
/* End PBXFrameworksBuildPhase section */

/* Begin PBXGroup section */
		4B3312B61CE136E800778169 = {
			isa = PBXGroup;
			children = (
				4B3312C11CE136E800778169 /* Reactive */,
				4B3312D61CE136E800778169 /* ReactiveTests */,
				4B3312E11CE136E800778169 /* ReactiveUITests */,
				4B3312C01CE136E800778169 /* Products */,
			);
			sourceTree = "<group>";
		};
		4B3312C01CE136E800778169 /* Products */ = {
			isa = PBXGroup;
			children = (
				4B3312BF1CE136E800778169 /* Reactive.app */,
				4B3312D31CE136E800778169 /* ReactiveTests.xctest */,
				4B3312DE1CE136E800778169 /* ReactiveUITests.xctest */,
			);
			name = Products;
			sourceTree = "<group>";
		};
		4B3312C11CE136E800778169 /* Reactive */ = {
			isa = PBXGroup;
			children = (
				4B3312C21CE136E800778169 /* AppDelegate.swift */,
				4B3312C41CE136E800778169 /* ViewController.swift */,
				4B3312C61CE136E800778169 /* Main.storyboard */,
				4B3312C91CE136E800778169 /* Assets.xcassets */,
				4B3312CB1CE136E800778169 /* LaunchScreen.storyboard */,
				4B3312CE1CE136E800778169 /* Info.plist */,
			);
			path = Reactive;
			sourceTree = "<group>";
		};
		4B3312D61CE136E800778169 /* ReactiveTests */ = {
			isa = PBXGroup;
			children = (
				4B3312D71CE136E800778169 /* ReactiveTests.swift */,
				4B3312D91CE136E800778169 /* Info.plist */,
			);
			path = ReactiveTests;
			sourceTree = "<group>";
		};
		4B3312E11CE136E800778169 /* ReactiveUITests */ = {
			isa = PBXGroup;
			children = (
				4B3312E21CE136E800778169 /* ReactiveUITests.swift */,
				4B3312E41CE136E800778169 /* Info.plist */,
			);
			path = ReactiveUITests;
			sourceTree = "<group>";
		};
/* End PBXGroup section */

/* Begin PBXNativeTarget section */
		4B3312BE1CE136E800778169 /* Reactive */ = {
			isa = PBXNativeTarget;
			buildConfigurationList = 4B3312E71CE136E800778169 /* Build configuration list for PBXNativeTarget "Reactive" */;
			buildPhases = (
				4B3312BB1CE136E800778169 /* Sources */,
				4B3312BC1CE136E800778169 /* Frameworks */,
				4B3312BD1CE136E800778169 /* Resources */,
			);
			buildRules = (
			);
			dependencies = (
			);
			name = Reactive;
			productName = Reactive;
			productReference = 4B3312BF1CE136E800778169 /* Reactive.app */;
			productType = "com.apple.product-type.application";
		};
		4B3312D21CE136E800778169 /* ReactiveTests */ = {
			isa = PBXNativeTarget;
			buildConfigurationList = 4B3312EA1CE136E800778169 /* Build configuration list for PBXNativeTarget "ReactiveTests" */;
			buildPhases = (
				4B3312CF1CE136E800778169 /* Sources */,
				4B3312D01CE136E800778169 /* Frameworks */,
				4B3312D11CE136E800778169 /* Resources */,
			);
			buildRules = (
			);
			dependencies = (
				4B3312D51CE136E800778169 /* PBXTargetDependency */,
			);
			name = ReactiveTests;
			productName = ReactiveTests;
			productReference = 4B3312D31CE136E800778169 /* ReactiveTests.xctest */;
			productType = "com.apple.product-type.bundle.unit-test";
		};
		4B3312DD1CE136E800778169 /* ReactiveUITests */ = {
			isa = PBXNativeTarget;
			buildConfigurationList = 4B3312ED1CE136E800778169 /* Build configuration list for PBXNativeTarget "ReactiveUITests" */;
			buildPhases = (
				4B3312DA1CE136E800778169 /* Sources */,
				4B3312DB1CE136E800778169 /* Frameworks */,
				4B3312DC1CE136E800778169 /* Resources */,
			);
			buildRules = (
			);
			dependencies = (
				4B3312E01CE136E800778169 /* PBXTargetDependency */,
			);
			name = ReactiveUITests;
			productName = ReactiveUITests;
			productReference = 4B3312DE1CE136E800778169 /* ReactiveUITests.xctest */;
			productType = "com.apple.product-type.bundle.ui-testing";
		};
/* End PBXNativeTarget section */

/* Begin PBXProject section */
		4B3312B71CE136E800778169 /* Project object */ = {
			isa = PBXProject;
			attributes = {
				LastSwiftUpdateCheck = 0730;
				LastUpgradeCheck = 0730;
				ORGANIZATIONNAME = "CJ Willis";
				TargetAttributes = {
					4B3312BE1CE136E800778169 = {
						CreatedOnToolsVersion = 7.3;
						DevelopmentTeam = N2G9FGLTJ8;
					};
					4B3312D21CE136E800778169 = {
						CreatedOnToolsVersion = 7.3;
						DevelopmentTeam = N2G9FGLTJ8;
						TestTargetID = 4B3312BE1CE136E800778169;
					};
					4B3312DD1CE136E800778169 = {
						CreatedOnToolsVersion = 7.3;
						DevelopmentTeam = N2G9FGLTJ8;
						TestTargetID = 4B3312BE1CE136E800778169;
					};
				};
			};
			buildConfigurationList = 4B3312BA1CE136E800778169 /* Build configuration list for PBXProject "Reactive" */;
			compatibilityVersion = "Xcode 3.2";
			developmentRegion = English;
			hasScannedForEncodings = 0;
			knownRegions = (
				en,
				Base,
			);
			mainGroup = 4B3312B61CE136E800778169;
			productRefGroup = 4B3312C01CE136E800778169 /* Products */;
			projectDirPath = "";
			projectRoot = "";
			targets = (
				4B3312BE1CE136E800778169 /* Reactive */,
				4B3312D21CE136E800778169 /* ReactiveTests */,
				4B3312DD1CE136E800778169 /* ReactiveUITests */,
			);
		};
/* End PBXProject section */

/* Begin PBXResourcesBuildPhase section */
		4B3312BD1CE136E800778169 /* Resources */ = {
			isa = PBXResourcesBuildPhase;
			buildActionMask = 2147483647;
			files = (
				4B3312CD1CE136E800778169 /* LaunchScreen.storyboard in Resources */,
				4B3312CA1CE136E800778169 /* Assets.xcassets in Resources */,
				4B3312C81CE136E800778169 /* Main.storyboard in Resources */,
			);
			runOnlyForDeploymentPostprocessing = 0;
		};
		4B3312D11CE136E800778169 /* Resources */ = {
			isa = PBXResourcesBuildPhase;
			buildActionMask = 2147483647;
			files = (
			);
			runOnlyForDeploymentPostprocessing = 0;
		};
		4B3312DC1CE136E800778169 /* Resources */ = {
			isa = PBXResourcesBuildPhase;
			buildActionMask = 2147483647;
			files = (
			);
			runOnlyForDeploymentPostprocessing = 0;
		};
/* End PBXResourcesBuildPhase section */

/* Begin PBXSourcesBuildPhase section */
		4B3312BB1CE136E800778169 /* Sources */ = {
			isa = PBXSourcesBuildPhase;
			buildActionMask = 2147483647;
			files = (
				4B3312C51CE136E800778169 /* ViewController.swift in Sources */,
				4B3312C31CE136E800778169 /* AppDelegate.swift in Sources */,
			);
			runOnlyForDeploymentPostprocessing = 0;
		};
		4B3312CF1CE136E800778169 /* Sources */ = {
			isa = PBXSourcesBuildPhase;
			buildActionMask = 2147483647;
			files = (
				4B3312D81CE136E800778169 /* ReactiveTests.swift in Sources */,
			);
			runOnlyForDeploymentPostprocessing = 0;
		};
		4B3312DA1CE136E800778169 /* Sources */ = {
			isa = PBXSourcesBuildPhase;
			buildActionMask = 2147483647;
			files = (
				4B3312E31CE136E800778169 /* ReactiveUITests.swift in Sources */,
			);
			runOnlyForDeploymentPostprocessing = 0;
		};
/* End PBXSourcesBuildPhase section */

/* Begin PBXTargetDependency section */
		4B3312D51CE136E800778169 /* PBXTargetDependency */ = {
			isa = PBXTargetDependency;
			target = 4B3312BE1CE136E800778169 /* Reactive */;
			targetProxy = 4B3312D41CE136E800778169 /* PBXContainerItemProxy */;
		};
		4B3312E01CE136E800778169 /* PBXTargetDependency */ = {
			isa = PBXTargetDependency;
			target = 4B3312BE1CE136E800778169 /* Reactive */;
			targetProxy = 4B3312DF1CE136E800778169 /* PBXContainerItemProxy */;
		};
/* End PBXTargetDependency section */

/* Begin PBXVariantGroup section */
		4B3312C61CE136E800778169 /* Main.storyboard */ = {
			isa = PBXVariantGroup;
			children = (
				4B3312C71CE136E800778169 /* Base */,
			);
			name = Main.storyboard;
			sourceTree = "<group>";
		};
		4B3312CB1CE136E800778169 /* LaunchScreen.storyboard */ = {
			isa = PBXVariantGroup;
			children = (
				4B3312CC1CE136E800778169 /* Base */,
			);
			name = LaunchScreen.storyboard;
			sourceTree = "<group>";
		};
/* End PBXVariantGroup section */

/* Begin XCBuildConfiguration section */
		4B3312E51CE136E800778169 /* Debug */ = {
			isa = XCBuildConfiguration;
			buildSettings = {
				ALWAYS_SEARCH_USER_PATHS = NO;
				CLANG_ANALYZER_NONNULL = YES;
				CLANG_CXX_LANGUAGE_STANDARD = "gnu++0x";
				CLANG_CXX_LIBRARY = "libc++";
				CLANG_ENABLE_MODULES = YES;
				CLANG_ENABLE_OBJC_ARC = YES;
				CLANG_WARN_BOOL_CONVERSION = YES;
				CLANG_WARN_CONSTANT_CONVERSION = YES;
				CLANG_WARN_DIRECT_OBJC_ISA_USAGE = YES_ERROR;
				CLANG_WARN_EMPTY_BODY = YES;
				CLANG_WARN_ENUM_CONVERSION = YES;
				CLANG_WARN_INT_CONVERSION = YES;
				CLANG_WARN_OBJC_ROOT_CLASS = YES_ERROR;
				CLANG_WARN_UNREACHABLE_CODE = YES;
				CLANG_WARN__DUPLICATE_METHOD_MATCH = YES;
				"CODE_SIGN_IDENTITY[sdk=iphoneos*]" = "iPhone Developer";
				COPY_PHASE_STRIP = NO;
				DEBUG_INFORMATION_FORMAT = dwarf;
				ENABLE_STRICT_OBJC_MSGSEND = YES;
				ENABLE_TESTABILITY = YES;
				GCC_C_LANGUAGE_STANDARD = gnu99;
				GCC_DYNAMIC_NO_PIC = NO;
				GCC_NO_COMMON_BLOCKS = YES;
				GCC_OPTIMIZATION_LEVEL = 0;
				GCC_PREPROCESSOR_DEFINITIONS = (
					"DEBUG=1",
					"$(inherited)",
				);
				GCC_WARN_64_TO_32_BIT_CONVERSION = YES;
				GCC_WARN_ABOUT_RETURN_TYPE = YES_ERROR;
				GCC_WARN_UNDECLARED_SELECTOR = YES;
				GCC_WARN_UNINITIALIZED_AUTOS = YES_AGGRESSIVE;
				GCC_WARN_UNUSED_FUNCTION = YES;
				GCC_WARN_UNUSED_VARIABLE = YES;
				IPHONEOS_DEPLOYMENT_TARGET = 9.3;
				MTL_ENABLE_DEBUG_INFO = YES;
				ONLY_ACTIVE_ARCH = YES;
				SDKROOT = iphoneos;
				SWIFT_OPTIMIZATION_LEVEL = "-Onone";
			};
			name = Debug;
		};
		4B3312E61CE136E800778169 /* Release */ = {
			isa = XCBuildConfiguration;
			buildSettings = {
				ALWAYS_SEARCH_USER_PATHS = NO;
				CLANG_ANALYZER_NONNULL = YES;
				CLANG_CXX_LANGUAGE_STANDARD = "gnu++0x";
				CLANG_CXX_LIBRARY = "libc++";
				CLANG_ENABLE_MODULES = YES;
				CLANG_ENABLE_OBJC_ARC = YES;
				CLANG_WARN_BOOL_CONVERSION = YES;
				CLANG_WARN_CONSTANT_CONVERSION = YES;
				CLANG_WARN_DIRECT_OBJC_ISA_USAGE = YES_ERROR;
				CLANG_WARN_EMPTY_BODY = YES;
				CLANG_WARN_ENUM_CONVERSION = YES;
				CLANG_WARN_INT_CONVERSION = YES;
				CLANG_WARN_OBJC_ROOT_CLASS = YES_ERROR;
				CLANG_WARN_UNREACHABLE_CODE = YES;
				CLANG_WARN__DUPLICATE_METHOD_MATCH = YES;
				"CODE_SIGN_IDENTITY[sdk=iphoneos*]" = "iPhone Developer";
				COPY_PHASE_STRIP = NO;
				DEBUG_INFORMATION_FORMAT = "dwarf-with-dsym";
				ENABLE_NS_ASSERTIONS = NO;
				ENABLE_STRICT_OBJC_MSGSEND = YES;
				GCC_C_LANGUAGE_STANDARD = gnu99;
				GCC_NO_COMMON_BLOCKS = YES;
				GCC_WARN_64_TO_32_BIT_CONVERSION = YES;
				GCC_WARN_ABOUT_RETURN_TYPE = YES_ERROR;
				GCC_WARN_UNDECLARED_SELECTOR = YES;
				GCC_WARN_UNINITIALIZED_AUTOS = YES_AGGRESSIVE;
				GCC_WARN_UNUSED_FUNCTION = YES;
				GCC_WARN_UNUSED_VARIABLE = YES;
				IPHONEOS_DEPLOYMENT_TARGET = 9.3;
				MTL_ENABLE_DEBUG_INFO = NO;
				SDKROOT = iphoneos;
				VALIDATE_PRODUCT = YES;
			};
			name = Release;
		};
		4B3312E81CE136E800778169 /* Debug */ = {
			isa = XCBuildConfiguration;
			buildSettings = {
				ASSETCATALOG_COMPILER_APPICON_NAME = AppIcon;
				INFOPLIST_FILE = Reactive/Info.plist;
				LD_RUNPATH_SEARCH_PATHS = "$(inherited) @executable_path/Frameworks";
				PRODUCT_BUNDLE_IDENTIFIER = com.cjwillis.Reactive;
				PRODUCT_NAME = "$(TARGET_NAME)";
			};
			name = Debug;
		};
		4B3312E91CE136E800778169 /* Release */ = {
			isa = XCBuildConfiguration;
			buildSettings = {
				ASSETCATALOG_COMPILER_APPICON_NAME = AppIcon;
				INFOPLIST_FILE = Reactive/Info.plist;
				LD_RUNPATH_SEARCH_PATHS = "$(inherited) @executable_path/Frameworks";
				PRODUCT_BUNDLE_IDENTIFIER = com.cjwillis.Reactive;
				PRODUCT_NAME = "$(TARGET_NAME)";
			};
			name = Release;
		};
		4B3312EB1CE136E800778169 /* Debug */ = {
			isa = XCBuildConfiguration;
			buildSettings = {
				BUNDLE_LOADER = "$(TEST_HOST)";
				INFOPLIST_FILE = ReactiveTests/Info.plist;
				LD_RUNPATH_SEARCH_PATHS = "$(inherited) @executable_path/Frameworks @loader_path/Frameworks";
				PRODUCT_BUNDLE_IDENTIFIER = com.cjwillis.ReactiveTests;
				PRODUCT_NAME = "$(TARGET_NAME)";
				TEST_HOST = "$(BUILT_PRODUCTS_DIR)/Reactive.app/Reactive";
			};
			name = Debug;
		};
		4B3312EC1CE136E800778169 /* Release */ = {
			isa = XCBuildConfiguration;
			buildSettings = {
				BUNDLE_LOADER = "$(TEST_HOST)";
				INFOPLIST_FILE = ReactiveTests/Info.plist;
				LD_RUNPATH_SEARCH_PATHS = "$(inherited) @executable_path/Frameworks @loader_path/Frameworks";
				PRODUCT_BUNDLE_IDENTIFIER = com.cjwillis.ReactiveTests;
				PRODUCT_NAME = "$(TARGET_NAME)";
				TEST_HOST = "$(BUILT_PRODUCTS_DIR)/Reactive.app/Reactive";
			};
			name = Release;
		};
		4B3312EE1CE136E800778169 /* Debug */ = {
			isa = XCBuildConfiguration;
			buildSettings = {
				INFOPLIST_FILE = ReactiveUITests/Info.plist;
				LD_RUNPATH_SEARCH_PATHS = "$(inherited) @executable_path/Frameworks @loader_path/Frameworks";
				PRODUCT_BUNDLE_IDENTIFIER = com.cjwillis.ReactiveUITests;
				PRODUCT_NAME = "$(TARGET_NAME)";
				TEST_TARGET_NAME = Reactive;
			};
			name = Debug;
		};
		4B3312EF1CE136E800778169 /* Release */ = {
			isa = XCBuildConfiguration;
			buildSettings = {
				INFOPLIST_FILE = ReactiveUITests/Info.plist;
				LD_RUNPATH_SEARCH_PATHS = "$(inherited) @executable_path/Frameworks @loader_path/Frameworks";
				PRODUCT_BUNDLE_IDENTIFIER = com.cjwillis.ReactiveUITests;
				PRODUCT_NAME = "$(TARGET_NAME)";
				TEST_TARGET_NAME = Reactive;
			};
			name = Release;
		};
/* End XCBuildConfiguration section */

/* Begin XCConfigurationList section */
		4B3312BA1CE136E800778169 /* Build configuration list for PBXProject "Reactive" */ = {
			isa = XCConfigurationList;
			buildConfigurations = (
				4B3312E51CE136E800778169 /* Debug */,
				4B3312E61CE136E800778169 /* Release */,
			);
			defaultConfigurationIsVisible = 0;
			defaultConfigurationName = Release;
		};
		4B3312E71CE136E800778169 /* Build configuration list for PBXNativeTarget "Reactive" */ = {
			isa = XCConfigurationList;
			buildConfigurations = (
				4B3312E81CE136E800778169 /* Debug */,
				4B3312E91CE136E800778169 /* Release */,
			);
			defaultConfigurationIsVisible = 0;
		};
		4B3312EA1CE136E800778169 /* Build configuration list for PBXNativeTarget "ReactiveTests" */ = {
			isa = XCConfigurationList;
			buildConfigurations = (
				4B3312EB1CE136E800778169 /* Debug */,
				4B3312EC1CE136E800778169 /* Release */,
			);
			defaultConfigurationIsVisible = 0;
		};
		4B3312ED1CE136E800778169 /* Build configuration list for PBXNativeTarget "ReactiveUITests" */ = {
			isa = XCConfigurationList;
			buildConfigurations = (
				4B3312EE1CE136E800778169 /* Debug */,
				4B3312EF1CE136E800778169 /* Release */,
			);
			defaultConfigurationIsVisible = 0;
		};
/* End XCConfigurationList section */
	};
	rootObject = 4B3312B71CE136E800778169 /* Project object */;
}
